// !$*UTF8*$!
{
	archiveVersion = 1;
	classes = {
	};
	objectVersion = 46;
	objects = {

/* Begin PBXBuildFile section */
		B2D78CC675A7611E51221E94 /* Pods_ProjectVersionChart.framework in Frameworks */ = {isa = PBXBuildFile; fileRef = 9CC15FEB3457B6599E5C56C8 /* Pods_ProjectVersionChart.framework */; };
		D42243E21D065FF000D72127 /* AppDelegate.m in Sources */ = {isa = PBXBuildFile; fileRef = D42243E11D065FF000D72127 /* AppDelegate.m */; };
		D42243E51D065FF000D72127 /* main.m in Sources */ = {isa = PBXBuildFile; fileRef = D42243E41D065FF000D72127 /* main.m */; };
		D42243E71D065FF000D72127 /* Assets.xcassets in Resources */ = {isa = PBXBuildFile; fileRef = D42243E61D065FF000D72127 /* Assets.xcassets */; };
		D42243EA1D065FF000D72127 /* MainMenu.xib in Resources */ = {isa = PBXBuildFile; fileRef = D42243E81D065FF000D72127 /* MainMenu.xib */; };
		D42243F41D06627200D72127 /* MainViewController.m in Sources */ = {isa = PBXBuildFile; fileRef = D42243F21D06627200D72127 /* MainViewController.m */; };
		D42243F51D06627200D72127 /* MainViewController.xib in Resources */ = {isa = PBXBuildFile; fileRef = D42243F31D06627200D72127 /* MainViewController.xib */; };
		D4E97C621D06B80A00DA6E7A /* ShellExecutor.m in Sources */ = {isa = PBXBuildFile; fileRef = D4E97C611D06B80A00DA6E7A /* ShellExecutor.m */; };
		D4E97C661D06B85C00DA6E7A /* ShellExecutor+Git.m in Sources */ = {isa = PBXBuildFile; fileRef = D4E97C651D06B85C00DA6E7A /* ShellExecutor+Git.m */; };
/* End PBXBuildFile section */

/* Begin PBXFileReference section */
		18EBBF1D82F6867B3D4B295B /* Pods-ProjectVersionChart.release.xcconfig */ = {isa = PBXFileReference; includeInIndex = 1; lastKnownFileType = text.xcconfig; name = "Pods-ProjectVersionChart.release.xcconfig"; path = "Pods/Target Support Files/Pods-ProjectVersionChart/Pods-ProjectVersionChart.release.xcconfig"; sourceTree = "<group>"; };
		942EBA1C69444AC64B8F62D5 /* Pods-ProjectVersionChart.debug.xcconfig */ = {isa = PBXFileReference; includeInIndex = 1; lastKnownFileType = text.xcconfig; name = "Pods-ProjectVersionChart.debug.xcconfig"; path = "Pods/Target Support Files/Pods-ProjectVersionChart/Pods-ProjectVersionChart.debug.xcconfig"; sourceTree = "<group>"; };
		9CC15FEB3457B6599E5C56C8 /* Pods_ProjectVersionChart.framework */ = {isa = PBXFileReference; explicitFileType = wrapper.framework; includeInIndex = 0; path = Pods_ProjectVersionChart.framework; sourceTree = BUILT_PRODUCTS_DIR; };
		D42243DD1D065FF000D72127 /* ProjectVersionChart.app */ = {isa = PBXFileReference; explicitFileType = wrapper.application; includeInIndex = 0; path = ProjectVersionChart.app; sourceTree = BUILT_PRODUCTS_DIR; };
		D42243E01D065FF000D72127 /* AppDelegate.h */ = {isa = PBXFileReference; lastKnownFileType = sourcecode.c.h; path = AppDelegate.h; sourceTree = "<group>"; };
		D42243E11D065FF000D72127 /* AppDelegate.m */ = {isa = PBXFileReference; lastKnownFileType = sourcecode.c.objc; path = AppDelegate.m; sourceTree = "<group>"; };
		D42243E41D065FF000D72127 /* main.m */ = {isa = PBXFileReference; lastKnownFileType = sourcecode.c.objc; path = main.m; sourceTree = "<group>"; };
		D42243E61D065FF000D72127 /* Assets.xcassets */ = {isa = PBXFileReference; lastKnownFileType = folder.assetcatalog; path = Assets.xcassets; sourceTree = "<group>"; };
		D42243E91D065FF000D72127 /* Base */ = {isa = PBXFileReference; lastKnownFileType = file.xib; name = Base; path = Base.lproj/MainMenu.xib; sourceTree = "<group>"; };
		D42243EB1D065FF000D72127 /* Info.plist */ = {isa = PBXFileReference; lastKnownFileType = text.plist.xml; path = Info.plist; sourceTree = "<group>"; };
		D42243F11D06627200D72127 /* MainViewController.h */ = {isa = PBXFileReference; fileEncoding = 4; lastKnownFileType = sourcecode.c.h; path = MainViewController.h; sourceTree = "<group>"; };
		D42243F21D06627200D72127 /* MainViewController.m */ = {isa = PBXFileReference; fileEncoding = 4; lastKnownFileType = sourcecode.c.objc; path = MainViewController.m; sourceTree = "<group>"; };
		D42243F31D06627200D72127 /* MainViewController.xib */ = {isa = PBXFileReference; fileEncoding = 4; lastKnownFileType = file.xib; path = MainViewController.xib; sourceTree = "<group>"; };
		D4E97C601D06B80A00DA6E7A /* ShellExecutor.h */ = {isa = PBXFileReference; fileEncoding = 4; lastKnownFileType = sourcecode.c.h; path = ShellExecutor.h; sourceTree = "<group>"; };
		D4E97C611D06B80A00DA6E7A /* ShellExecutor.m */ = {isa = PBXFileReference; fileEncoding = 4; lastKnownFileType = sourcecode.c.objc; path = ShellExecutor.m; sourceTree = "<group>"; };
		D4E97C641D06B85C00DA6E7A /* ShellExecutor+Git.h */ = {isa = PBXFileReference; fileEncoding = 4; lastKnownFileType = sourcecode.c.h; path = "ShellExecutor+Git.h"; sourceTree = "<group>"; };
		D4E97C651D06B85C00DA6E7A /* ShellExecutor+Git.m */ = {isa = PBXFileReference; fileEncoding = 4; lastKnownFileType = sourcecode.c.objc; path = "ShellExecutor+Git.m"; sourceTree = "<group>"; };
/* End PBXFileReference section */

/* Begin PBXFrameworksBuildPhase section */
		D42243DA1D065FF000D72127 /* Frameworks */ = {
			isa = PBXFrameworksBuildPhase;
			buildActionMask = 2147483647;
			files = (
				B2D78CC675A7611E51221E94 /* Pods_ProjectVersionChart.framework in Frameworks */,
			);
			runOnlyForDeploymentPostprocessing = 0;
		};
/* End PBXFrameworksBuildPhase section */

/* Begin PBXGroup section */
		26B485D25A414CC80D41C1B0 /* Frameworks */ = {
			isa = PBXGroup;
			children = (
				9CC15FEB3457B6599E5C56C8 /* Pods_ProjectVersionChart.framework */,
			);
			name = Frameworks;
			sourceTree = "<group>";
		};
		D42243D41D065FF000D72127 = {
			isa = PBXGroup;
			children = (
				D42243DF1D065FF000D72127 /* ProjectVersionChart */,
				D42243DE1D065FF000D72127 /* Products */,
				F403BD80D88D2C30392FF745 /* Pods */,
				26B485D25A414CC80D41C1B0 /* Frameworks */,
			);
			sourceTree = "<group>";
		};
		D42243DE1D065FF000D72127 /* Products */ = {
			isa = PBXGroup;
			children = (
				D42243DD1D065FF000D72127 /* ProjectVersionChart.app */,
			);
			name = Products;
			sourceTree = "<group>";
		};
		D42243DF1D065FF000D72127 /* ProjectVersionChart */ = {
			isa = PBXGroup;
			children = (
				D42243E01D065FF000D72127 /* AppDelegate.h */,
				D42243E11D065FF000D72127 /* AppDelegate.m */,
				D42243E61D065FF000D72127 /* Assets.xcassets */,
				D42243E81D065FF000D72127 /* MainMenu.xib */,
				D42243EB1D065FF000D72127 /* Info.plist */,
				D42243E31D065FF000D72127 /* Supporting Files */,
				D42243F11D06627200D72127 /* MainViewController.h */,
				D42243F21D06627200D72127 /* MainViewController.m */,
				D42243F31D06627200D72127 /* MainViewController.xib */,
				D4E97C601D06B80A00DA6E7A /* ShellExecutor.h */,
				D4E97C611D06B80A00DA6E7A /* ShellExecutor.m */,
				D4E97C641D06B85C00DA6E7A /* ShellExecutor+Git.h */,
				D4E97C651D06B85C00DA6E7A /* ShellExecutor+Git.m */,
			);
			path = ProjectVersionChart;
			sourceTree = "<group>";
		};
		D42243E31D065FF000D72127 /* Supporting Files */ = {
			isa = PBXGroup;
			children = (
				D42243E41D065FF000D72127 /* main.m */,
			);
			name = "Supporting Files";
			sourceTree = "<group>";
		};
		F403BD80D88D2C30392FF745 /* Pods */ = {
			isa = PBXGroup;
			children = (
				942EBA1C69444AC64B8F62D5 /* Pods-ProjectVersionChart.debug.xcconfig */,
				18EBBF1D82F6867B3D4B295B /* Pods-ProjectVersionChart.release.xcconfig */,
			);
			name = Pods;
			sourceTree = "<group>";
		};
/* End PBXGroup section */

/* Begin PBXNativeTarget section */
		D42243DC1D065FF000D72127 /* ProjectVersionChart */ = {
			isa = PBXNativeTarget;
			buildConfigurationList = D42243EE1D065FF000D72127 /* Build configuration list for PBXNativeTarget "ProjectVersionChart" */;
			buildPhases = (
				CF39D7D4DBB183E61715E540 /* Check Pods Manifest.lock */,
				D42243D91D065FF000D72127 /* Sources */,
				D42243DA1D065FF000D72127 /* Frameworks */,
				D42243DB1D065FF000D72127 /* Resources */,
				69726C204A058AC91A82CC1E /* Embed Pods Frameworks */,
				7042E7674C6B2F2C3EF1F4E6 /* Copy Pods Resources */,
			);
			buildRules = (
			);
			dependencies = (
			);
			name = ProjectVersionChart;
			productName = ProjectVersionChart;
			productReference = D42243DD1D065FF000D72127 /* ProjectVersionChart.app */;
			productType = "com.apple.product-type.application";
		};
/* End PBXNativeTarget section */

/* Begin PBXProject section */
		D42243D51D065FF000D72127 /* Project object */ = {
			isa = PBXProject;
			attributes = {
				LastUpgradeCheck = 0730;
				ORGANIZATIONNAME = shayanbo;
				TargetAttributes = {
					D42243DC1D065FF000D72127 = {
						CreatedOnToolsVersion = 7.3;
					};
				};
			};
			buildConfigurationList = D42243D81D065FF000D72127 /* Build configuration list for PBXProject "ProjectVersionChart" */;
			compatibilityVersion = "Xcode 3.2";
			developmentRegion = English;
			hasScannedForEncodings = 0;
			knownRegions = (
				en,
				Base,
			);
			mainGroup = D42243D41D065FF000D72127;
			productRefGroup = D42243DE1D065FF000D72127 /* Products */;
			projectDirPath = "";
			projectRoot = "";
			targets = (
				D42243DC1D065FF000D72127 /* ProjectVersionChart */,
			);
		};
/* End PBXProject section */

/* Begin PBXResourcesBuildPhase section */
		D42243DB1D065FF000D72127 /* Resources */ = {
			isa = PBXResourcesBuildPhase;
			buildActionMask = 2147483647;
			files = (
				D42243E71D065FF000D72127 /* Assets.xcassets in Resources */,
				D42243F51D06627200D72127 /* MainViewController.xib in Resources */,
				D42243EA1D065FF000D72127 /* MainMenu.xib in Resources */,
			);
			runOnlyForDeploymentPostprocessing = 0;
		};
/* End PBXResourcesBuildPhase section */

/* Begin PBXShellScriptBuildPhase section */
		69726C204A058AC91A82CC1E /* Embed Pods Frameworks */ = {
			isa = PBXShellScriptBuildPhase;
			buildActionMask = 2147483647;
			files = (
			);
			inputPaths = (
			);
			name = "Embed Pods Frameworks";
			outputPaths = (
			);
			runOnlyForDeploymentPostprocessing = 0;
			shellPath = /bin/sh;
			shellScript = "\"${SRCROOT}/Pods/Target Support Files/Pods-ProjectVersionChart/Pods-ProjectVersionChart-frameworks.sh\"\n";
			showEnvVarsInLog = 0;
		};
		7042E7674C6B2F2C3EF1F4E6 /* Copy Pods Resources */ = {
			isa = PBXShellScriptBuildPhase;
			buildActionMask = 2147483647;
			files = (
			);
			inputPaths = (
			);
			name = "Copy Pods Resources";
			outputPaths = (
			);
			runOnlyForDeploymentPostprocessing = 0;
			shellPath = /bin/sh;
			shellScript = "\"${SRCROOT}/Pods/Target Support Files/Pods-ProjectVersionChart/Pods-ProjectVersionChart-resources.sh\"\n";
			showEnvVarsInLog = 0;
		};
		CF39D7D4DBB183E61715E540 /* Check Pods Manifest.lock */ = {
			isa = PBXShellScriptBuildPhase;
			buildActionMask = 2147483647;
			files = (
			);
			inputPaths = (
			);
			name = "Check Pods Manifest.lock";
			outputPaths = (
			);
			runOnlyForDeploymentPostprocessing = 0;
			shellPath = /bin/sh;
			shellScript = "diff \"${PODS_ROOT}/../Podfile.lock\" \"${PODS_ROOT}/Manifest.lock\" > /dev/null\nif [[ $? != 0 ]] ; then\n    cat << EOM\nerror: The sandbox is not in sync with the Podfile.lock. Run 'pod install' or update your CocoaPods installation.\nEOM\n    exit 1\nfi\n";
			showEnvVarsInLog = 0;
		};
/* End PBXShellScriptBuildPhase section */

/* Begin PBXSourcesBuildPhase section */
		D42243D91D065FF000D72127 /* Sources */ = {
			isa = PBXSourcesBuildPhase;
			buildActionMask = 2147483647;
			files = (
				D42243E51D065FF000D72127 /* main.m in Sources */,
				D4E97C661D06B85C00DA6E7A /* ShellExecutor+Git.m in Sources */,
				D4E97C621D06B80A00DA6E7A /* ShellExecutor.m in Sources */,
				D42243F41D06627200D72127 /* MainViewController.m in Sources */,
				D42243E21D065FF000D72127 /* AppDelegate.m in Sources */,
			);
			runOnlyForDeploymentPostprocessing = 0;
		};
/* End PBXSourcesBuildPhase section */

/* Begin PBXVariantGroup section */
		D42243E81D065FF000D72127 /* MainMenu.xib */ = {
			isa = PBXVariantGroup;
			children = (
				D42243E91D065FF000D72127 /* Base */,
			);
			name = MainMenu.xib;
			sourceTree = "<group>";
		};
/* End PBXVariantGroup section */

/* Begin XCBuildConfiguration section */
		D42243EC1D065FF000D72127 /* Debug */ = {
			isa = XCBuildConfiguration;
			buildSettings = {
				ALWAYS_SEARCH_USER_PATHS = NO;
				CLANG_ANALYZER_NONNULL = YES;
				CLANG_CXX_LANGUAGE_STANDARD = "gnu++0x";
				CLANG_CXX_LIBRARY = "libc++";
				CLANG_ENABLE_MODULES = YES;
				CLANG_ENABLE_OBJC_ARC = YES;
				CLANG_WARN_BOOL_CONVERSION = YES;
				CLANG_WARN_CONSTANT_CONVERSION = YES;
				CLANG_WARN_DIRECT_OBJC_ISA_USAGE = YES_ERROR;
				CLANG_WARN_EMPTY_BODY = YES;
				CLANG_WARN_ENUM_CONVERSION = YES;
				CLANG_WARN_INT_CONVERSION = YES;
				CLANG_WARN_OBJC_ROOT_CLASS = YES_ERROR;
				CLANG_WARN_UNREACHABLE_CODE = YES;
				CLANG_WARN__DUPLICATE_METHOD_MATCH = YES;
				CODE_SIGN_IDENTITY = "-";
				COPY_PHASE_STRIP = NO;
				DEBUG_INFORMATION_FORMAT = dwarf;
				ENABLE_STRICT_OBJC_MSGSEND = YES;
				ENABLE_TESTABILITY = YES;
				GCC_C_LANGUAGE_STANDARD = gnu99;
				GCC_DYNAMIC_NO_PIC = NO;
				GCC_NO_COMMON_BLOCKS = YES;
				GCC_OPTIMIZATION_LEVEL = 0;
				GCC_PREPROCESSOR_DEFINITIONS = (
					"DEBUG=1",
					"$(inherited)",
				);
				GCC_WARN_64_TO_32_BIT_CONVERSION = YES;
				GCC_WARN_ABOUT_RETURN_TYPE = YES_ERROR;
				GCC_WARN_UNDECLARED_SELECTOR = YES;
				GCC_WARN_UNINITIALIZED_AUTOS = YES_AGGRESSIVE;
				GCC_WARN_UNUSED_FUNCTION = YES;
				GCC_WARN_UNUSED_VARIABLE = YES;
				MACOSX_DEPLOYMENT_TARGET = 10.11;
				MTL_ENABLE_DEBUG_INFO = YES;
				ONLY_ACTIVE_ARCH = YES;
				SDKROOT = macosx;
			};
			name = Debug;
		};
		D42243ED1D065FF000D72127 /* Release */ = {
			isa = XCBuildConfiguration;
			buildSettings = {
				ALWAYS_SEARCH_USER_PATHS = NO;
				CLANG_ANALYZER_NONNULL = YES;
				CLANG_CXX_LANGUAGE_STANDARD = "gnu++0x";
				CLANG_CXX_LIBRARY = "libc++";
				CLANG_ENABLE_MODULES = YES;
				CLANG_ENABLE_OBJC_ARC = YES;
				CLANG_WARN_BOOL_CONVERSION = YES;
				CLANG_WARN_CONSTANT_CONVERSION = YES;
				CLANG_WARN_DIRECT_OBJC_ISA_USAGE = YES_ERROR;
				CLANG_WARN_EMPTY_BODY = YES;
				CLANG_WARN_ENUM_CONVERSION = YES;
				CLANG_WARN_INT_CONVERSION = YES;
				CLANG_WARN_OBJC_ROOT_CLASS = YES_ERROR;
				CLANG_WARN_UNREACHABLE_CODE = YES;
				CLANG_WARN__DUPLICATE_METHOD_MATCH = YES;
				CODE_SIGN_IDENTITY = "-";
				COPY_PHASE_STRIP = NO;
				DEBUG_INFORMATION_FORMAT = "dwarf-with-dsym";
				ENABLE_NS_ASSERTIONS = NO;
				ENABLE_STRICT_OBJC_MSGSEND = YES;
				GCC_C_LANGUAGE_STANDARD = gnu99;
				GCC_NO_COMMON_BLOCKS = YES;
				GCC_WARN_64_TO_32_BIT_CONVERSION = YES;
				GCC_WARN_ABOUT_RETURN_TYPE = YES_ERROR;
				GCC_WARN_UNDECLARED_SELECTOR = YES;
				GCC_WARN_UNINITIALIZED_AUTOS = YES_AGGRESSIVE;
				GCC_WARN_UNUSED_FUNCTION = YES;
				GCC_WARN_UNUSED_VARIABLE = YES;
				MACOSX_DEPLOYMENT_TARGET = 10.11;
				MTL_ENABLE_DEBUG_INFO = NO;
				SDKROOT = macosx;
			};
			name = Release;
		};
		D42243EF1D065FF000D72127 /* Debug */ = {
			isa = XCBuildConfiguration;
			baseConfigurationReference = 942EBA1C69444AC64B8F62D5 /* Pods-ProjectVersionChart.debug.xcconfig */;
			buildSettings = {
				ASSETCATALOG_COMPILER_APPICON_NAME = AppIcon;
				COMBINE_HIDPI_IMAGES = YES;
				INFOPLIST_FILE = ProjectVersionChart/Info.plist;
				LD_RUNPATH_SEARCH_PATHS = "$(inherited) @executable_path/../Frameworks";
				PRODUCT_BUNDLE_IDENTIFIER = com.mickeysha.ProjectVersionChart;
				PRODUCT_NAME = "$(TARGET_NAME)";
			};
			name = Debug;
		};
		D42243F01D065FF000D72127 /* Release */ = {
			isa = XCBuildConfiguration;
			baseConfigurationReference = 18EBBF1D82F6867B3D4B295B /* Pods-ProjectVersionChart.release.xcconfig */;
			buildSettings = {
				ASSETCATALOG_COMPILER_APPICON_NAME = AppIcon;
				COMBINE_HIDPI_IMAGES = YES;
				INFOPLIST_FILE = ProjectVersionChart/Info.plist;
				LD_RUNPATH_SEARCH_PATHS = "$(inherited) @executable_path/../Frameworks";
				PRODUCT_BUNDLE_IDENTIFIER = com.mickeysha.ProjectVersionChart;
				PRODUCT_NAME = "$(TARGET_NAME)";
			};
			name = Release;
		};
/* End XCBuildConfiguration section */

/* Begin XCConfigurationList section */
		D42243D81D065FF000D72127 /* Build configuration list for PBXProject "ProjectVersionChart" */ = {
			isa = XCConfigurationList;
			buildConfigurations = (
				D42243EC1D065FF000D72127 /* Debug */,
				D42243ED1D065FF000D72127 /* Release */,
			);
			defaultConfigurationIsVisible = 0;
			defaultConfigurationName = Release;
		};
		D42243EE1D065FF000D72127 /* Build configuration list for PBXNativeTarget "ProjectVersionChart" */ = {
			isa = XCConfigurationList;
			buildConfigurations = (
				D42243EF1D065FF000D72127 /* Debug */,
				D42243F01D065FF000D72127 /* Release */,
			);
			defaultConfigurationIsVisible = 0;
			defaultConfigurationName = Release;
		};
/* End XCConfigurationList section */
	};
	rootObject = D42243D51D065FF000D72127 /* Project object */;
}
